
Microsoft Visual Studio Solution File, Format Version 12.00
# Visual Studio 14
VisualStudioVersion = 14.0.25420.1
MinimumVisualStudioVersion = 10.0.40219.1
Project("{FAE04EC0-301F-11D3-BF4B-00C04F79EFBC}") = "Modelica_ResultCompare", "Modelica_ResultCompare\Modelica_ResultCompare.csproj", "{55D5DD2B-A89E-4A12-9155-B03922B6CF7E}"
EndProject
Project("{FAE04EC0-301F-11D3-BF4B-00C04F79EFBC}") = "tests", "tests\tests.csproj", "{E9C8B652-7BDA-47B3-892B-FC9E5CE4594E}"
EndProject
Global
	GlobalSection(SolutionConfigurationPlatforms) = preSolution
		Debug|Any CPU = Debug|Any CPU
		Debug|x64 = Debug|x64
		Debug|x86 = Debug|x86
		Release|Any CPU = Release|Any CPU
		Release|x64 = Release|x64
		Release|x86 = Release|x86
	EndGlobalSection
	GlobalSection(ProjectConfigurationPlatforms) = postSolution
		{55D5DD2B-A89E-4A12-9155-B03922B6CF7E}.Debug|Any CPU.ActiveCfg = Debug|Any CPU
		{55D5DD2B-A89E-4A12-9155-B03922B6CF7E}.Debug|Any CPU.Build.0 = Debug|Any CPU
		{55D5DD2B-A89E-4A12-9155-B03922B6CF7E}.Debug|x64.ActiveCfg = Debug|x64
		{55D5DD2B-A89E-4A12-9155-B03922B6CF7E}.Debug|x64.Build.0 = Debug|x64
		{55D5DD2B-A89E-4A12-9155-B03922B6CF7E}.Debug|x86.ActiveCfg = Debug|x86
		{55D5DD2B-A89E-4A12-9155-B03922B6CF7E}.Debug|x86.Build.0 = Debug|x86
		{55D5DD2B-A89E-4A12-9155-B03922B6CF7E}.Release|Any CPU.ActiveCfg = Release|Any CPU
		{55D5DD2B-A89E-4A12-9155-B03922B6CF7E}.Release|Any CPU.Build.0 = Release|Any CPU
		{55D5DD2B-A89E-4A12-9155-B03922B6CF7E}.Release|x64.ActiveCfg = Release|x64
		{55D5DD2B-A89E-4A12-9155-B03922B6CF7E}.Release|x64.Build.0 = Release|x64
		{55D5DD2B-A89E-4A12-9155-B03922B6CF7E}.Release|x86.ActiveCfg = Release|x86
		{55D5DD2B-A89E-4A12-9155-B03922B6CF7E}.Release|x86.Build.0 = Release|x86
	EndGlobalSection
	GlobalSection(SolutionProperties) = preSolution
		HideSolutionNode = FALSE
	EndGlobalSection
EndGlobal
